// !$*UTF8*$!
{
	archiveVersion = 1;
	classes = {
	};
	objectVersion = 51;
	objects = {

/* Begin PBXBuildFile section */
		64FCF2212227F3C200F93FAD /* AppDelegate.swift in Sources */ = {isa = PBXBuildFile; fileRef = 64FCF2202227F3C200F93FAD /* AppDelegate.swift */; };
		64FCF2232227F3C200F93FAD /* MainVC.swift in Sources */ = {isa = PBXBuildFile; fileRef = 64FCF2222227F3C200F93FAD /* MainVC.swift */; };
		64FCF2262227F3C200F93FAD /* Main.storyboard in Resources */ = {isa = PBXBuildFile; fileRef = 64FCF2242227F3C200F93FAD /* Main.storyboard */; };
		64FCF2282227F3C500F93FAD /* Assets.xcassets in Resources */ = {isa = PBXBuildFile; fileRef = 64FCF2272227F3C500F93FAD /* Assets.xcassets */; };
		64FCF22B2227F3C500F93FAD /* LaunchScreen.storyboard in Resources */ = {isa = PBXBuildFile; fileRef = 64FCF2292227F3C500F93FAD /* LaunchScreen.storyboard */; };
		AB266868CCD7EB8D3DFA4A8E /* Pods_Guess_Game.framework in Frameworks */ = {isa = PBXBuildFile; fileRef = A8D02C3C2504855182CDE5F6 /* Pods_Guess_Game.framework */; };
		E2023F9E2465936C00CF6756 /* R.generated.swift in Sources */ = {isa = PBXBuildFile; fileRef = E2023F9D2465936C00CF6756 /* R.generated.swift */; };
		E2A797C0245DB37B00874767 /* SelectDifficultyVC.swift in Sources */ = {isa = PBXBuildFile; fileRef = E2A797BF245DB37B00874767 /* SelectDifficultyVC.swift */; };
		E2A797C6245DBA1F00874767 /* ScoreCell.swift in Sources */ = {isa = PBXBuildFile; fileRef = E2A797C4245DBA1F00874767 /* ScoreCell.swift */; };
		E2A797C7245DBA1F00874767 /* ScoreCell.xib in Resources */ = {isa = PBXBuildFile; fileRef = E2A797C5245DBA1F00874767 /* ScoreCell.xib */; };
		E2A797CA245DC92300874767 /* GameEndVC.swift in Sources */ = {isa = PBXBuildFile; fileRef = E2A797C9245DC92300874767 /* GameEndVC.swift */; };
		E2A797CC245DC94800874767 /* ScoresVC.swift in Sources */ = {isa = PBXBuildFile; fileRef = E2A797CB245DC94800874767 /* ScoresVC.swift */; };
		E2AA95EF246433C7005D44DF /* Helper.swift in Sources */ = {isa = PBXBuildFile; fileRef = E2AA95EE246433C7005D44DF /* Helper.swift */; };
		E2AA95F12464370F005D44DF /* DatabaseManger.swift in Sources */ = {isa = PBXBuildFile; fileRef = E2AA95F02464370F005D44DF /* DatabaseManger.swift */; };
		E2AA95F324644AE9005D44DF /* Extension.swift in Sources */ = {isa = PBXBuildFile; fileRef = E2AA95F224644AE9005D44DF /* Extension.swift */; };
		E2AA95F8246453F3005D44DF /* lose.mp3 in Resources */ = {isa = PBXBuildFile; fileRef = E2AA95F6246453F3005D44DF /* lose.mp3 */; };
		E2AA95F9246453F3005D44DF /* win.mp3 in Resources */ = {isa = PBXBuildFile; fileRef = E2AA95F7246453F3005D44DF /* win.mp3 */; };
		E2AA95FC24646258005D44DF /* SplashVC.swift in Sources */ = {isa = PBXBuildFile; fileRef = E2AA95FB24646258005D44DF /* SplashVC.swift */; };
/* End PBXBuildFile section */

/* Begin PBXFileReference section */
		29E29904A555654ABE522D6B /* Pods-Guess Game.debug.xcconfig */ = {isa = PBXFileReference; includeInIndex = 1; lastKnownFileType = text.xcconfig; name = "Pods-Guess Game.debug.xcconfig"; path = "Target Support Files/Pods-Guess Game/Pods-Guess Game.debug.xcconfig"; sourceTree = "<group>"; };
		64FCF21D2227F3C200F93FAD /* Guess Game.app */ = {isa = PBXFileReference; explicitFileType = wrapper.application; includeInIndex = 0; path = "Guess Game.app"; sourceTree = BUILT_PRODUCTS_DIR; };
		64FCF2202227F3C200F93FAD /* AppDelegate.swift */ = {isa = PBXFileReference; lastKnownFileType = sourcecode.swift; path = AppDelegate.swift; sourceTree = "<group>"; };
		64FCF2222227F3C200F93FAD /* MainVC.swift */ = {isa = PBXFileReference; lastKnownFileType = sourcecode.swift; path = MainVC.swift; sourceTree = "<group>"; };
		64FCF2252227F3C200F93FAD /* Base */ = {isa = PBXFileReference; lastKnownFileType = file.storyboard; name = Base; path = Base.lproj/Main.storyboard; sourceTree = "<group>"; };
		64FCF2272227F3C500F93FAD /* Assets.xcassets */ = {isa = PBXFileReference; lastKnownFileType = folder.assetcatalog; path = Assets.xcassets; sourceTree = "<group>"; };
		64FCF22A2227F3C500F93FAD /* Base */ = {isa = PBXFileReference; lastKnownFileType = file.storyboard; name = Base; path = Base.lproj/LaunchScreen.storyboard; sourceTree = "<group>"; };
		64FCF22C2227F3C500F93FAD /* Info.plist */ = {isa = PBXFileReference; lastKnownFileType = text.plist.xml; path = Info.plist; sourceTree = "<group>"; };
		7E5519C463BB43D71B8F8A61 /* Pods-Guess Game.release.xcconfig */ = {isa = PBXFileReference; includeInIndex = 1; lastKnownFileType = text.xcconfig; name = "Pods-Guess Game.release.xcconfig"; path = "Target Support Files/Pods-Guess Game/Pods-Guess Game.release.xcconfig"; sourceTree = "<group>"; };
		A8D02C3C2504855182CDE5F6 /* Pods_Guess_Game.framework */ = {isa = PBXFileReference; explicitFileType = wrapper.framework; includeInIndex = 0; path = Pods_Guess_Game.framework; sourceTree = BUILT_PRODUCTS_DIR; };
		E2023F9D2465936C00CF6756 /* R.generated.swift */ = {isa = PBXFileReference; fileEncoding = 4; lastKnownFileType = sourcecode.swift; path = R.generated.swift; sourceTree = SOURCE_ROOT; };
		E2A797BF245DB37B00874767 /* SelectDifficultyVC.swift */ = {isa = PBXFileReference; lastKnownFileType = sourcecode.swift; path = SelectDifficultyVC.swift; sourceTree = "<group>"; };
		E2A797C4245DBA1F00874767 /* ScoreCell.swift */ = {isa = PBXFileReference; lastKnownFileType = sourcecode.swift; path = ScoreCell.swift; sourceTree = "<group>"; };
		E2A797C5245DBA1F00874767 /* ScoreCell.xib */ = {isa = PBXFileReference; lastKnownFileType = file.xib; path = ScoreCell.xib; sourceTree = "<group>"; };
		E2A797C9245DC92300874767 /* GameEndVC.swift */ = {isa = PBXFileReference; lastKnownFileType = sourcecode.swift; name = GameEndVC.swift; path = "Guess Game/View/Cells/GameEndVC.swift"; sourceTree = SOURCE_ROOT; };
		E2A797CB245DC94800874767 /* ScoresVC.swift */ = {isa = PBXFileReference; lastKnownFileType = sourcecode.swift; name = ScoresVC.swift; path = "Guess Game/View/ScoresVC.swift"; sourceTree = SOURCE_ROOT; };
		E2AA95EE246433C7005D44DF /* Helper.swift */ = {isa = PBXFileReference; lastKnownFileType = sourcecode.swift; name = Helper.swift; path = "/Users/elshaer/Documents/GitHub/Guess-Game/Guess Game/Helper.swift"; sourceTree = "<absolute>"; };
		E2AA95F02464370F005D44DF /* DatabaseManger.swift */ = {isa = PBXFileReference; lastKnownFileType = sourcecode.swift; path = DatabaseManger.swift; sourceTree = "<group>"; };
		E2AA95F224644AE9005D44DF /* Extension.swift */ = {isa = PBXFileReference; lastKnownFileType = sourcecode.swift; path = Extension.swift; sourceTree = "<group>"; };
		E2AA95F6246453F3005D44DF /* lose.mp3 */ = {isa = PBXFileReference; lastKnownFileType = audio.mp3; path = lose.mp3; sourceTree = "<group>"; };
		E2AA95F7246453F3005D44DF /* win.mp3 */ = {isa = PBXFileReference; lastKnownFileType = audio.mp3; path = win.mp3; sourceTree = "<group>"; };
		E2AA95FB24646258005D44DF /* SplashVC.swift */ = {isa = PBXFileReference; lastKnownFileType = sourcecode.swift; name = SplashVC.swift; path = "Guess Game/View/SplashVC.swift"; sourceTree = SOURCE_ROOT; };
/* End PBXFileReference section */

/* Begin PBXFrameworksBuildPhase section */
		64FCF21A2227F3C200F93FAD /* Frameworks */ = {
			isa = PBXFrameworksBuildPhase;
			buildActionMask = 2147483647;
			files = (
				AB266868CCD7EB8D3DFA4A8E /* Pods_Guess_Game.framework in Frameworks */,
			);
			runOnlyForDeploymentPostprocessing = 0;
		};
/* End PBXFrameworksBuildPhase section */

/* Begin PBXGroup section */
		64FCF2142227F3C200F93FAD = {
			isa = PBXGroup;
			children = (
				64FCF21F2227F3C200F93FAD /* Guess Game */,
				64FCF21E2227F3C200F93FAD /* Products */,
				94D2909865B918D6421222E3 /* Pods */,
				F6CDECCE1231B0A3F2C48DC7 /* Frameworks */,
			);
			sourceTree = "<group>";
		};
		64FCF21E2227F3C200F93FAD /* Products */ = {
			isa = PBXGroup;
			children = (
				64FCF21D2227F3C200F93FAD /* Guess Game.app */,
			);
			name = Products;
			sourceTree = "<group>";
		};
		64FCF21F2227F3C200F93FAD /* Guess Game */ = {
			isa = PBXGroup;
			children = (
				64FCF2202227F3C200F93FAD /* AppDelegate.swift */,
				E2AA95F42464523C005D44DF /* Model */,
				E2A797C1245DB6D700874767 /* Controller */,
				E2A797C2245DB6F000874767 /* View */,
				E2AA95F524645257005D44DF /* Extenisons */,
				E2A797C3245DB70500874767 /* Resoures */,
				64FCF22C2227F3C500F93FAD /* Info.plist */,
			);
			path = "Guess Game";
			sourceTree = "<group>";
		};
		94D2909865B918D6421222E3 /* Pods */ = {
			isa = PBXGroup;
			children = (
				29E29904A555654ABE522D6B /* Pods-Guess Game.debug.xcconfig */,
				7E5519C463BB43D71B8F8A61 /* Pods-Guess Game.release.xcconfig */,
			);
			path = Pods;
			sourceTree = "<group>";
		};
		E2A797C1245DB6D700874767 /* Controller */ = {
			isa = PBXGroup;
			children = (
				E2AA95FB24646258005D44DF /* SplashVC.swift */,
				E2A797BF245DB37B00874767 /* SelectDifficultyVC.swift */,
				64FCF2222227F3C200F93FAD /* MainVC.swift */,
				E2A797C9245DC92300874767 /* GameEndVC.swift */,
				E2A797CB245DC94800874767 /* ScoresVC.swift */,
			);
			path = Controller;
			sourceTree = "<group>";
		};
		E2A797C2245DB6F000874767 /* View */ = {
			isa = PBXGroup;
			children = (
				E2A797C8245DBA3000874767 /* Cells */,
				64FCF2242227F3C200F93FAD /* Main.storyboard */,
				64FCF2292227F3C500F93FAD /* LaunchScreen.storyboard */,
			);
			path = View;
			sourceTree = "<group>";
		};
		E2A797C3245DB70500874767 /* Resoures */ = {
			isa = PBXGroup;
			children = (
				E2AA95EE246433C7005D44DF /* Helper.swift */,
				E2023F9D2465936C00CF6756 /* R.generated.swift */,
				E2AA95FA246453FB005D44DF /* Tones */,
				64FCF2272227F3C500F93FAD /* Assets.xcassets */,
			);
			path = Resoures;
			sourceTree = "<group>";
		};
		E2A797C8245DBA3000874767 /* Cells */ = {
			isa = PBXGroup;
			children = (
				E2A797C5245DBA1F00874767 /* ScoreCell.xib */,
				E2A797C4245DBA1F00874767 /* ScoreCell.swift */,
			);
			path = Cells;
			sourceTree = "<group>";
		};
		E2AA95F42464523C005D44DF /* Model */ = {
			isa = PBXGroup;
			children = (
				E2AA95F02464370F005D44DF /* DatabaseManger.swift */,
			);
			path = Model;
			sourceTree = "<group>";
		};
		E2AA95F524645257005D44DF /* Extenisons */ = {
			isa = PBXGroup;
			children = (
				E2AA95F224644AE9005D44DF /* Extension.swift */,
			);
			path = Extenisons;
			sourceTree = "<group>";
		};
		E2AA95FA246453FB005D44DF /* Tones */ = {
			isa = PBXGroup;
			children = (
				E2AA95F6246453F3005D44DF /* lose.mp3 */,
				E2AA95F7246453F3005D44DF /* win.mp3 */,
			);
			path = Tones;
			sourceTree = "<group>";
		};
		F6CDECCE1231B0A3F2C48DC7 /* Frameworks */ = {
			isa = PBXGroup;
			children = (
				A8D02C3C2504855182CDE5F6 /* Pods_Guess_Game.framework */,
			);
			name = Frameworks;
			sourceTree = "<group>";
		};
/* End PBXGroup section */

/* Begin PBXNativeTarget section */
		64FCF21C2227F3C200F93FAD /* Guess Game */ = {
			isa = PBXNativeTarget;
			buildConfigurationList = 64FCF22F2227F3C500F93FAD /* Build configuration list for PBXNativeTarget "Guess Game" */;
			buildPhases = (
				ABC120ABF060C4A7EB0FE82E /* [CP] Check Pods Manifest.lock */,
				E2023F9C246592E500CF6756 /* ShellScript */,
				64FCF2192227F3C200F93FAD /* Sources */,
				64FCF21A2227F3C200F93FAD /* Frameworks */,
				64FCF21B2227F3C200F93FAD /* Resources */,
				862D332ADB6CF18451119CEC /* [CP] Embed Pods Frameworks */,
			);
			buildRules = (
			);
			dependencies = (
			);
			name = "Guess Game";
			productName = "Guess Game";
			productReference = 64FCF21D2227F3C200F93FAD /* Guess Game.app */;
			productType = "com.apple.product-type.application";
		};
/* End PBXNativeTarget section */

/* Begin PBXProject section */
		64FCF2152227F3C200F93FAD /* Project object */ = {
			isa = PBXProject;
			attributes = {
				LastSwiftUpdateCheck = 1010;
				LastUpgradeCheck = 1010;
				ORGANIZATIONNAME = "Mohamed Elshaer";
				TargetAttributes = {
					64FCF21C2227F3C200F93FAD = {
						CreatedOnToolsVersion = 10.1;
					};
				};
			};
			buildConfigurationList = 64FCF2182227F3C200F93FAD /* Build configuration list for PBXProject "Guess Game" */;
			compatibilityVersion = "Xcode 9.3";
			developmentRegion = en;
			hasScannedForEncodings = 0;
			knownRegions = (
				en,
				Base,
			);
			mainGroup = 64FCF2142227F3C200F93FAD;
			productRefGroup = 64FCF21E2227F3C200F93FAD /* Products */;
			projectDirPath = "";
			projectRoot = "";
			targets = (
				64FCF21C2227F3C200F93FAD /* Guess Game */,
			);
		};
/* End PBXProject section */

/* Begin PBXResourcesBuildPhase section */
		64FCF21B2227F3C200F93FAD /* Resources */ = {
			isa = PBXResourcesBuildPhase;
			buildActionMask = 2147483647;
			files = (
				64FCF22B2227F3C500F93FAD /* LaunchScreen.storyboard in Resources */,
				E2AA95F8246453F3005D44DF /* lose.mp3 in Resources */,
				64FCF2282227F3C500F93FAD /* Assets.xcassets in Resources */,
				E2AA95F9246453F3005D44DF /* win.mp3 in Resources */,
				E2A797C7245DBA1F00874767 /* ScoreCell.xib in Resources */,
				64FCF2262227F3C200F93FAD /* Main.storyboard in Resources */,
			);
			runOnlyForDeploymentPostprocessing = 0;
		};
/* End PBXResourcesBuildPhase section */

/* Begin PBXShellScriptBuildPhase section */
		862D332ADB6CF18451119CEC /* [CP] Embed Pods Frameworks */ = {
			isa = PBXShellScriptBuildPhase;
			buildActionMask = 2147483647;
			files = (
			);
			inputFileListPaths = (
				"${PODS_ROOT}/Target Support Files/Pods-Guess Game/Pods-Guess Game-frameworks-${CONFIGURATION}-input-files.xcfilelist",
			);
			name = "[CP] Embed Pods Frameworks";
			outputFileListPaths = (
				"${PODS_ROOT}/Target Support Files/Pods-Guess Game/Pods-Guess Game-frameworks-${CONFIGURATION}-output-files.xcfilelist",
			);
			runOnlyForDeploymentPostprocessing = 0;
			shellPath = /bin/sh;
			shellScript = "\"${PODS_ROOT}/Target Support Files/Pods-Guess Game/Pods-Guess Game-frameworks.sh\"\n";
			showEnvVarsInLog = 0;
		};
		ABC120ABF060C4A7EB0FE82E /* [CP] Check Pods Manifest.lock */ = {
			isa = PBXShellScriptBuildPhase;
			buildActionMask = 2147483647;
			files = (
			);
			inputFileListPaths = (
			);
			inputPaths = (
				"${PODS_PODFILE_DIR_PATH}/Podfile.lock",
				"${PODS_ROOT}/Manifest.lock",
			);
			name = "[CP] Check Pods Manifest.lock";
			outputFileListPaths = (
			);
			outputPaths = (
				"$(DERIVED_FILE_DIR)/Pods-Guess Game-checkManifestLockResult.txt",
			);
			runOnlyForDeploymentPostprocessing = 0;
			shellPath = /bin/sh;
			shellScript = "diff \"${PODS_PODFILE_DIR_PATH}/Podfile.lock\" \"${PODS_ROOT}/Manifest.lock\" > /dev/null\nif [ $? != 0 ] ; then\n    # print error to STDERR\n    echo \"error: The sandbox is not in sync with the Podfile.lock. Run 'pod install' or update your CocoaPods installation.\" >&2\n    exit 1\nfi\n# This output is used by Xcode 'outputs' to avoid re-running this script phase.\necho \"SUCCESS\" > \"${SCRIPT_OUTPUT_FILE_0}\"\n";
			showEnvVarsInLog = 0;
		};
		E2023F9C246592E500CF6756 /* ShellScript */ = {
			isa = PBXShellScriptBuildPhase;
			buildActionMask = 2147483647;
			files = (
			);
			inputFileListPaths = (
			);
			inputPaths = (
				"$TEMP_DIR/rswift-lastrun",
			);
			outputFileListPaths = (
			);
			outputPaths = (
				$SRCROOT/R.generated.swift,
			);
			runOnlyForDeploymentPostprocessing = 0;
			shellPath = /bin/sh;
			shellScript = "# Type a script or drag a script file from your workspace to insert its path.\n\"$PODS_ROOT/R.swift/rswift\" generate \"$SRCROOT/R.generated.swift\"\n";
		};
/* End PBXShellScriptBuildPhase section */

/* Begin PBXSourcesBuildPhase section */
		64FCF2192227F3C200F93FAD /* Sources */ = {
			isa = PBXSourcesBuildPhase;
			buildActionMask = 2147483647;
			files = (
				E2AA95F324644AE9005D44DF /* Extension.swift in Sources */,
				E2AA95FC24646258005D44DF /* SplashVC.swift in Sources */,
				64FCF2232227F3C200F93FAD /* MainVC.swift in Sources */,
				E2AA95EF246433C7005D44DF /* Helper.swift in Sources */,
				64FCF2212227F3C200F93FAD /* AppDelegate.swift in Sources */,
				E2A797CA245DC92300874767 /* GameEndVC.swift in Sources */,
				E2A797CC245DC94800874767 /* ScoresVC.swift in Sources */,
				E2A797C6245DBA1F00874767 /* ScoreCell.swift in Sources */,
				E2AA95F12464370F005D44DF /* DatabaseManger.swift in Sources */,
				E2023F9E2465936C00CF6756 /* R.generated.swift in Sources */,
				E2A797C0245DB37B00874767 /* SelectDifficultyVC.swift in Sources */,
			);
			runOnlyForDeploymentPostprocessing = 0;
		};
/* End PBXSourcesBuildPhase section */

/* Begin PBXVariantGroup section */
		64FCF2242227F3C200F93FAD /* Main.storyboard */ = {
			isa = PBXVariantGroup;
			children = (
				64FCF2252227F3C200F93FAD /* Base */,
			);
			name = Main.storyboard;
			sourceTree = "<group>";
		};
		64FCF2292227F3C500F93FAD /* LaunchScreen.storyboard */ = {
			isa = PBXVariantGroup;
			children = (
				64FCF22A2227F3C500F93FAD /* Base */,
			);
			name = LaunchScreen.storyboard;
			sourceTree = "<group>";
		};
/* End PBXVariantGroup section */

/* Begin XCBuildConfiguration section */
		64FCF22D2227F3C500F93FAD /* Debug */ = {
			isa = XCBuildConfiguration;
			buildSettings = {
				ALWAYS_SEARCH_USER_PATHS = NO;
				CLANG_ANALYZER_NONNULL = YES;
				CLANG_ANALYZER_NUMBER_OBJECT_CONVERSION = YES_AGGRESSIVE;
				CLANG_CXX_LANGUAGE_STANDARD = "gnu++14";
				CLANG_CXX_LIBRARY = "libc++";
				CLANG_ENABLE_MODULES = YES;
				CLANG_ENABLE_OBJC_ARC = YES;
				CLANG_ENABLE_OBJC_WEAK = YES;
				CLANG_WARN_BLOCK_CAPTURE_AUTORELEASING = YES;
				CLANG_WARN_BOOL_CONVERSION = YES;
				CLANG_WARN_COMMA = YES;
				CLANG_WARN_CONSTANT_CONVERSION = YES;
				CLANG_WARN_DEPRECATED_OBJC_IMPLEMENTATIONS = YES;
				CLANG_WARN_DIRECT_OBJC_ISA_USAGE = YES_ERROR;
				CLANG_WARN_DOCUMENTATION_COMMENTS = YES;
				CLANG_WARN_EMPTY_BODY = YES;
				CLANG_WARN_ENUM_CONVERSION = YES;
				CLANG_WARN_INFINITE_RECURSION = YES;
				CLANG_WARN_INT_CONVERSION = YES;
				CLANG_WARN_NON_LITERAL_NULL_CONVERSION = YES;
				CLANG_WARN_OBJC_IMPLICIT_RETAIN_SELF = YES;
				CLANG_WARN_OBJC_LITERAL_CONVERSION = YES;
				CLANG_WARN_OBJC_ROOT_CLASS = YES_ERROR;
				CLANG_WARN_RANGE_LOOP_ANALYSIS = YES;
				CLANG_WARN_STRICT_PROTOTYPES = YES;
				CLANG_WARN_SUSPICIOUS_MOVE = YES;
				CLANG_WARN_UNGUARDED_AVAILABILITY = YES_AGGRESSIVE;
				CLANG_WARN_UNREACHABLE_CODE = YES;
				CLANG_WARN__DUPLICATE_METHOD_MATCH = YES;
				CODE_SIGN_IDENTITY = "iPhone Developer";
				COPY_PHASE_STRIP = NO;
				DEBUG_INFORMATION_FORMAT = dwarf;
				ENABLE_STRICT_OBJC_MSGSEND = YES;
				ENABLE_TESTABILITY = YES;
				GCC_C_LANGUAGE_STANDARD = gnu11;
				GCC_DYNAMIC_NO_PIC = NO;
				GCC_NO_COMMON_BLOCKS = YES;
				GCC_OPTIMIZATION_LEVEL = 0;
				GCC_PREPROCESSOR_DEFINITIONS = (
					"DEBUG=1",
					"$(inherited)",
				);
				GCC_WARN_64_TO_32_BIT_CONVERSION = YES;
				GCC_WARN_ABOUT_RETURN_TYPE = YES_ERROR;
				GCC_WARN_UNDECLARED_SELECTOR = YES;
				GCC_WARN_UNINITIALIZED_AUTOS = YES_AGGRESSIVE;
				GCC_WARN_UNUSED_FUNCTION = YES;
				GCC_WARN_UNUSED_VARIABLE = YES;
				IPHONEOS_DEPLOYMENT_TARGET = 12.1;
				MTL_ENABLE_DEBUG_INFO = INCLUDE_SOURCE;
				MTL_FAST_MATH = YES;
				ONLY_ACTIVE_ARCH = YES;
				SDKROOT = iphoneos;
				SWIFT_ACTIVE_COMPILATION_CONDITIONS = DEBUG;
				SWIFT_OPTIMIZATION_LEVEL = "-Onone";
			};
			name = Debug;
		};
		64FCF22E2227F3C500F93FAD /* Release */ = {
			isa = XCBuildConfiguration;
			buildSettings = {
				ALWAYS_SEARCH_USER_PATHS = NO;
				CLANG_ANALYZER_NONNULL = YES;
				CLANG_ANALYZER_NUMBER_OBJECT_CONVERSION = YES_AGGRESSIVE;
				CLANG_CXX_LANGUAGE_STANDARD = "gnu++14";
				CLANG_CXX_LIBRARY = "libc++";
				CLANG_ENABLE_MODULES = YES;
				CLANG_ENABLE_OBJC_ARC = YES;
				CLANG_ENABLE_OBJC_WEAK = YES;
				CLANG_WARN_BLOCK_CAPTURE_AUTORELEASING = YES;
				CLANG_WARN_BOOL_CONVERSION = YES;
				CLANG_WARN_COMMA = YES;
				CLANG_WARN_CONSTANT_CONVERSION = YES;
				CLANG_WARN_DEPRECATED_OBJC_IMPLEMENTATIONS = YES;
				CLANG_WARN_DIRECT_OBJC_ISA_USAGE = YES_ERROR;
				CLANG_WARN_DOCUMENTATION_COMMENTS = YES;
				CLANG_WARN_EMPTY_BODY = YES;
				CLANG_WARN_ENUM_CONVERSION = YES;
				CLANG_WARN_INFINITE_RECURSION = YES;
				CLANG_WARN_INT_CONVERSION = YES;
				CLANG_WARN_NON_LITERAL_NULL_CONVERSION = YES;
				CLANG_WARN_OBJC_IMPLICIT_RETAIN_SELF = YES;
				CLANG_WARN_OBJC_LITERAL_CONVERSION = YES;
				CLANG_WARN_OBJC_ROOT_CLASS = YES_ERROR;
				CLANG_WARN_RANGE_LOOP_ANALYSIS = YES;
				CLANG_WARN_STRICT_PROTOTYPES = YES;
				CLANG_WARN_SUSPICIOUS_MOVE = YES;
				CLANG_WARN_UNGUARDED_AVAILABILITY = YES_AGGRESSIVE;
				CLANG_WARN_UNREACHABLE_CODE = YES;
				CLANG_WARN__DUPLICATE_METHOD_MATCH = YES;
				CODE_SIGN_IDENTITY = "iPhone Developer";
				COPY_PHASE_STRIP = NO;
				DEBUG_INFORMATION_FORMAT = "dwarf-with-dsym";
				ENABLE_NS_ASSERTIONS = NO;
				ENABLE_STRICT_OBJC_MSGSEND = YES;
				GCC_C_LANGUAGE_STANDARD = gnu11;
				GCC_NO_COMMON_BLOCKS = YES;
				GCC_WARN_64_TO_32_BIT_CONVERSION = YES;
				GCC_WARN_ABOUT_RETURN_TYPE = YES_ERROR;
				GCC_WARN_UNDECLARED_SELECTOR = YES;
				GCC_WARN_UNINITIALIZED_AUTOS = YES_AGGRESSIVE;
				GCC_WARN_UNUSED_FUNCTION = YES;
				GCC_WARN_UNUSED_VARIABLE = YES;
				IPHONEOS_DEPLOYMENT_TARGET = 12.1;
				MTL_ENABLE_DEBUG_INFO = NO;
				MTL_FAST_MATH = YES;
				SDKROOT = iphoneos;
				SWIFT_COMPILATION_MODE = wholemodule;
				SWIFT_OPTIMIZATION_LEVEL = "-O";
				VALIDATE_PRODUCT = YES;
			};
			name = Release;
		};
		64FCF2302227F3C500F93FAD /* Debug */ = {
			isa = XCBuildConfiguration;
			baseConfigurationReference = 29E29904A555654ABE522D6B /* Pods-Guess Game.debug.xcconfig */;
			buildSettings = {
				ASSETCATALOG_COMPILER_APPICON_NAME = AppIcon;
				CODE_SIGN_STYLE = Automatic;
				DEVELOPMENT_TEAM = D8KGAL2H5J;
				INFOPLIST_FILE = "Guess Game/Info.plist";
				LD_RUNPATH_SEARCH_PATHS = (
					"$(inherited)",
					"@executable_path/Frameworks",
				);
				PRODUCT_BUNDLE_IDENTIFIER = "com.M.Elshaer.Guess-Game";
				PRODUCT_NAME = "$(TARGET_NAME)";
				SWIFT_VERSION = 4.2;
				TARGETED_DEVICE_FAMILY = "1,2";
			};
			name = Debug;
		};
		64FCF2312227F3C500F93FAD /* Release */ = {
			isa = XCBuildConfiguration;
			baseConfigurationReference = 7E5519C463BB43D71B8F8A61 /* Pods-Guess Game.release.xcconfig */;
			buildSettings = {
				ASSETCATALOG_COMPILER_APPICON_NAME = AppIcon;
				CODE_SIGN_STYLE = Automatic;
				DEVELOPMENT_TEAM = D8KGAL2H5J;
				INFOPLIST_FILE = "Guess Game/Info.plist";
				LD_RUNPATH_SEARCH_PATHS = (
					"$(inherited)",
					"@executable_path/Frameworks",
				);
				PRODUCT_BUNDLE_IDENTIFIER = "com.M.Elshaer.Guess-Game";
				PRODUCT_NAME = "$(TARGET_NAME)";
				SWIFT_VERSION = 4.2;
				TARGETED_DEVICE_FAMILY = "1,2";
			};
			name = Release;
		};
/* End XCBuildConfiguration section */

/* Begin XCConfigurationList section */
		64FCF2182227F3C200F93FAD /* Build configuration list for PBXProject "Guess Game" */ = {
			isa = XCConfigurationList;
			buildConfigurations = (
				64FCF22D2227F3C500F93FAD /* Debug */,
				64FCF22E2227F3C500F93FAD /* Release */,
			);
			defaultConfigurationIsVisible = 0;
			defaultConfigurationName = Release;
		};
		64FCF22F2227F3C500F93FAD /* Build configuration list for PBXNativeTarget "Guess Game" */ = {
			isa = XCConfigurationList;
			buildConfigurations = (
				64FCF2302227F3C500F93FAD /* Debug */,
				64FCF2312227F3C500F93FAD /* Release */,
			);
			defaultConfigurationIsVisible = 0;
			defaultConfigurationName = Release;
		};
/* End XCConfigurationList section */
	};
	rootObject = 64FCF2152227F3C200F93FAD /* Project object */;
}
